hash: 9401793b8c288333c024e5a12137a792c1bde2a76d3fd1620e5b4c7109bea8ad
updated: 2017-09-22T16:27:31.926261695+05:30
imports:
- name: github.com/joho/godotenv
  version: a79fa1e548e2c689c241d10173efd51e5d689d5b
- name: github.com/labstack/echo
  version: cec7629194fe4bf83b0c72d9a02d340c7a1468ac
  subpackages:
  - '...'
- name: github.com/labstack/gommon
  version: 779b8a8b9850a97acba6a3fe20feb628c39e17c1
  subpackages:
  - color
  - log
- name: github.com/mattn/go-colorable
  version: ad5389df28cdac544c99bd7b9161a0b5b6ca9d1b
- name: github.com/mattn/go-isatty
  version: fc9e8d8ef48496124e79ae0df75490096eccf6fe
- name: github.com/valyala/bytebufferpool
  version: e746df99fe4a3986f4d4f79e13c1e0117ce9c2f7
- name: github.com/valyala/fasttemplate
  version: dcecefd839c4193db0d35b88ec65b4c12d360ab0
- name: golang.org/x/crypto
  version: 7d9177d70076375b9a59c8fde23d52d9c4a7ecd5
  subpackages:
  - acme
  - acme/autocert
- name: golang.org/x/sys
  version: 2320a9c15898af1b1b24f99700d5c1e957f9d8cf
  subpackages:
  - unix
testImports: []
